
Microsoft Visual Studio Solution File, Format Version 12.00
# Visual Studio 2012
Project("{FAE04EC0-301F-11D3-BF4B-00C04F79EFBC}") = "TestingWebsite", "TestingWebsite\TestingWebsite.csproj", "{3FB8FDC4-9C54-4DEF-B250-EFD255CF5E46}"
EndProject
Project("{FAE04EC0-301F-11D3-BF4B-00C04F79EFBC}") = "Testing.DAL", "Testing.DAL\Testing.DAL.csproj", "{02166914-AFC4-4321-AA33-CDB8534D7004}"
EndProject
Project("{FAE04EC0-301F-11D3-BF4B-00C04F79EFBC}") = "Testing.Business", "Testing.Business\Testing.Business.csproj", "{512C140D-A58E-40FB-A449-062B1C78C64D}"
EndProject
Project("{FAE04EC0-301F-11D3-BF4B-00C04F79EFBC}") = "Testing.Models", "Testing.Models\Testing.Models.csproj", "{6E97B3A8-8722-4C78-A8AD-122C2D4B5328}"
EndProject
Global
	GlobalSection(SolutionConfigurationPlatforms) = preSolution
		Debug|Any CPU = Debug|Any CPU
		Release|Any CPU = Release|Any CPU
	EndGlobalSection
	GlobalSection(ProjectConfigurationPlatforms) = postSolution
		{3FB8FDC4-9C54-4DEF-B250-EFD255CF5E46}.Debug|Any CPU.ActiveCfg = Debug|Any CPU
		{3FB8FDC4-9C54-4DEF-B250-EFD255CF5E46}.Debug|Any CPU.Build.0 = Debug|Any CPU
		{3FB8FDC4-9C54-4DEF-B250-EFD255CF5E46}.Release|Any CPU.ActiveCfg = Release|Any CPU
		{3FB8FDC4-9C54-4DEF-B250-EFD255CF5E46}.Release|Any CPU.Build.0 = Release|Any CPU
		{02166914-AFC4-4321-AA33-CDB8534D7004}.Debug|Any CPU.ActiveCfg = Debug|Any CPU
		{02166914-AFC4-4321-AA33-CDB8534D7004}.Debug|Any CPU.Build.0 = Debug|Any CPU
		{02166914-AFC4-4321-AA33-CDB8534D7004}.Release|Any CPU.ActiveCfg = Release|Any CPU
		{02166914-AFC4-4321-AA33-CDB8534D7004}.Release|Any CPU.Build.0 = Release|Any CPU
		{512C140D-A58E-40FB-A449-062B1C78C64D}.Debug|Any CPU.ActiveCfg = Debug|Any CPU
		{512C140D-A58E-40FB-A449-062B1C78C64D}.Debug|Any CPU.Build.0 = Debug|Any CPU
		{512C140D-A58E-40FB-A449-062B1C78C64D}.Release|Any CPU.ActiveCfg = Release|Any CPU
		{512C140D-A58E-40FB-A449-062B1C78C64D}.Release|Any CPU.Build.0 = Release|Any CPU
		{6E97B3A8-8722-4C78-A8AD-122C2D4B5328}.Debug|Any CPU.ActiveCfg = Debug|Any CPU
		{6E97B3A8-8722-4C78-A8AD-122C2D4B5328}.Debug|Any CPU.Build.0 = Debug|Any CPU
		{6E97B3A8-8722-4C78-A8AD-122C2D4B5328}.Release|Any CPU.ActiveCfg = Release|Any CPU
		{6E97B3A8-8722-4C78-A8AD-122C2D4B5328}.Release|Any CPU.Build.0 = Release|Any CPU
	EndGlobalSection
	GlobalSection(SolutionProperties) = preSolution
		HideSolutionNode = FALSE
	EndGlobalSection
EndGlobal
